
Microsoft Visual Studio Solution File, Format Version 12.00
# Visual Studio Version 16
VisualStudioVersion = 16.0.29306.81
MinimumVisualStudioVersion = 10.0.40219.1
Project("{FAE04EC0-301F-11D3-BF4B-00C04F79EFBC}") = "Publisher", "src\Publisher\Publisher.csproj", "{299E4E62-6AE3-412E-87B1-E39192C2D537}"
EndProject
Global
	GlobalSection(SolutionConfigurationPlatforms) = preSolution
		Debug|Any CPU = Debug|Any CPU
		Release|Any CPU = Release|Any CPU
	EndGlobalSection
	GlobalSection(ProjectConfigurationPlatforms) = postSolution
		{299E4E62-6AE3-412E-87B1-E39192C2D537}.Debug|Any CPU.ActiveCfg = Debug|Any CPU
		{299E4E62-6AE3-412E-87B1-E39192C2D537}.Debug|Any CPU.Build.0 = Debug|Any CPU
		{299E4E62-6AE3-412E-87B1-E39192C2D537}.Release|Any CPU.ActiveCfg = Release|Any CPU
		{299E4E62-6AE3-412E-87B1-E39192C2D537}.Release|Any CPU.Build.0 = Release|Any CPU
	EndGlobalSection
	GlobalSection(SolutionProperties) = preSolution
		HideSolutionNode = FALSE
	EndGlobalSection
	GlobalSection(ExtensibilityGlobals) = postSolution
		SolutionGuid = {21DD4F2F-9468-4BCF-9488-911C7B04FE71}
	EndGlobalSection
EndGlobal
